
Microsoft Visual Studio Solution File, Format Version 12.00
# Visual Studio 15
VisualStudioVersion = 15.0.26228.4
MinimumVisualStudioVersion = 10.0.40219.1
Project("{8BC9CEB8-8B4A-11D0-8D11-00A0C91BC942}") = "kiwi", "kiwi.vcxproj", "{F5AF3A53-515C-4DFA-9F37-EA08F4854204}"
EndProject
Project("{2150E333-8FDC-42A3-9474-1A3956D46DE8}") = "git", "git", "{BBEF15F1-C06D-483A-94BC-F741E3EEE9BD}"
	ProjectSection(SolutionItems) = preProject
		.gitattributes = .gitattributes
		.gitignore = .gitignore
	EndProjectSection
EndProject
Global
	GlobalSection(SolutionConfigurationPlatforms) = preSolution
		Debug|x64 = Debug|x64
		Debug|x86 = Debug|x86
		Release|x64 = Release|x64
		Release|x86 = Release|x86
	EndGlobalSection
	GlobalSection(ProjectConfigurationPlatforms) = postSolution
		{F5AF3A53-515C-4DFA-9F37-EA08F4854204}.Debug|x64.ActiveCfg = Debug|x64
		{F5AF3A53-515C-4DFA-9F37-EA08F4854204}.Debug|x64.Build.0 = Debug|x64
		{F5AF3A53-515C-4DFA-9F37-EA08F4854204}.Debug|x86.ActiveCfg = Debug|Win32
		{F5AF3A53-515C-4DFA-9F37-EA08F4854204}.Debug|x86.Build.0 = Debug|Win32
		{F5AF3A53-515C-4DFA-9F37-EA08F4854204}.Release|x64.ActiveCfg = Release|x64
		{F5AF3A53-515C-4DFA-9F37-EA08F4854204}.Release|x64.Build.0 = Release|x64
		{F5AF3A53-515C-4DFA-9F37-EA08F4854204}.Release|x86.ActiveCfg = Release|Win32
		{F5AF3A53-515C-4DFA-9F37-EA08F4854204}.Release|x86.Build.0 = Release|Win32
	EndGlobalSection
	GlobalSection(SolutionProperties) = preSolution
		HideSolutionNode = FALSE
	EndGlobalSection
EndGlobal
